// !$*UTF8*$!
{
	archiveVersion = 1;
	classes = {
	};
	objectVersion = 50;
	objects = {

/* Begin PBXBuildFile section */
		E282033F230FE48600D4F69C /* AppDelegate.swift in Sources */ = {isa = PBXBuildFile; fileRef = E282033E230FE48600D4F69C /* AppDelegate.swift */; };
		E2820341230FE48600D4F69C /* SceneDelegate.swift in Sources */ = {isa = PBXBuildFile; fileRef = E2820340230FE48600D4F69C /* SceneDelegate.swift */; };
		E2820343230FE48600D4F69C /* ContentView.swift in Sources */ = {isa = PBXBuildFile; fileRef = E2820342230FE48600D4F69C /* ContentView.swift */; };
		E2820345230FE48700D4F69C /* Assets.xcassets in Resources */ = {isa = PBXBuildFile; fileRef = E2820344230FE48700D4F69C /* Assets.xcassets */; };
		E2820348230FE48700D4F69C /* Preview Assets.xcassets in Resources */ = {isa = PBXBuildFile; fileRef = E2820347230FE48700D4F69C /* Preview Assets.xcassets */; };
		E282034B230FE48700D4F69C /* LaunchScreen.storyboard in Resources */ = {isa = PBXBuildFile; fileRef = E2820349230FE48700D4F69C /* LaunchScreen.storyboard */; };
		E2820353230FE52400D4F69C /* VertexView.swift in Sources */ = {isa = PBXBuildFile; fileRef = E2820352230FE52400D4F69C /* VertexView.swift */; };
		E2820355230FE68700D4F69C /* Station.swift in Sources */ = {isa = PBXBuildFile; fileRef = E2820354230FE68700D4F69C /* Station.swift */; };
		E2820357230FF71600D4F69C /* SubwayGraph.swift in Sources */ = {isa = PBXBuildFile; fileRef = E2820356230FF71600D4F69C /* SubwayGraph.swift */; };
		E28D4D612317BB150095F691 /* Model.swift in Sources */ = {isa = PBXBuildFile; fileRef = E28D4D602317BB150095F691 /* Model.swift */; };
		E2C7C7E623182B2300E92994 /* ContentViewDelegate.swift in Sources */ = {isa = PBXBuildFile; fileRef = E2C7C7E523182B2300E92994 /* ContentViewDelegate.swift */; };
		E2CB7FCA2316E13E00E04009 /* MinPathPickerSection.swift in Sources */ = {isa = PBXBuildFile; fileRef = E2CB7FC92316E13E00E04009 /* MinPathPickerSection.swift */; };
		E2CB7FCC2316E2A100E04009 /* StringPicker.swift in Sources */ = {isa = PBXBuildFile; fileRef = E2CB7FCB2316E2A100E04009 /* StringPicker.swift */; };
		E2CB7FD223178A2700E04009 /* OperationsForm.swift in Sources */ = {isa = PBXBuildFile; fileRef = E2CB7FD123178A2700E04009 /* OperationsForm.swift */; };
		E2CB7FD4231794D000E04009 /* SubwayLinesView.swift in Sources */ = {isa = PBXBuildFile; fileRef = E2CB7FD3231794D000E04009 /* SubwayLinesView.swift */; };
		E2CB7FD62317951500E04009 /* MinPathsView.swift in Sources */ = {isa = PBXBuildFile; fileRef = E2CB7FD52317951500E04009 /* MinPathsView.swift */; };
		E2FDD9622312C2F800B00793 /* StretchableLineView.swift in Sources */ = {isa = PBXBuildFile; fileRef = E2FDD9612312C2F800B00793 /* StretchableLineView.swift */; };
		E2FDD9642312C46100B00793 /* StationsView.swift in Sources */ = {isa = PBXBuildFile; fileRef = E2FDD9632312C46100B00793 /* StationsView.swift */; };
		E2FDD9662312CA9D00B00793 /* PositionPairsView.swift in Sources */ = {isa = PBXBuildFile; fileRef = E2FDD9652312CA9D00B00793 /* PositionPairsView.swift */; };
		E2FDD9682312D59A00B00793 /* AppUIOptionsSection.swift in Sources */ = {isa = PBXBuildFile; fileRef = E2FDD9672312D59A00B00793 /* AppUIOptionsSection.swift */; };
		E2FDD96A2312D62100B00793 /* NewSubwayLinePickerSection.swift in Sources */ = {isa = PBXBuildFile; fileRef = E2FDD9692312D62100B00793 /* NewSubwayLinePickerSection.swift */; };
/* End PBXBuildFile section */

/* Begin PBXFileReference section */
		E282033B230FE48600D4F69C /* SubwayTransferSystem.app */ = {isa = PBXFileReference; explicitFileType = wrapper.application; includeInIndex = 0; path = SubwayTransferSystem.app; sourceTree = BUILT_PRODUCTS_DIR; };
		E282033E230FE48600D4F69C /* AppDelegate.swift */ = {isa = PBXFileReference; lastKnownFileType = sourcecode.swift; path = AppDelegate.swift; sourceTree = "<group>"; };
		E2820340230FE48600D4F69C /* SceneDelegate.swift */ = {isa = PBXFileReference; lastKnownFileType = sourcecode.swift; path = SceneDelegate.swift; sourceTree = "<group>"; };
		E2820342230FE48600D4F69C /* ContentView.swift */ = {isa = PBXFileReference; lastKnownFileType = sourcecode.swift; path = ContentView.swift; sourceTree = "<group>"; };
		E2820344230FE48700D4F69C /* Assets.xcassets */ = {isa = PBXFileReference; lastKnownFileType = folder.assetcatalog; path = Assets.xcassets; sourceTree = "<group>"; };
		E2820347230FE48700D4F69C /* Preview Assets.xcassets */ = {isa = PBXFileReference; lastKnownFileType = folder.assetcatalog; path = "Preview Assets.xcassets"; sourceTree = "<group>"; };
		E282034A230FE48700D4F69C /* Base */ = {isa = PBXFileReference; lastKnownFileType = file.storyboard; name = Base; path = Base.lproj/LaunchScreen.storyboard; sourceTree = "<group>"; };
		E282034C230FE48700D4F69C /* Info.plist */ = {isa = PBXFileReference; lastKnownFileType = text.plist.xml; path = Info.plist; sourceTree = "<group>"; };
		E2820352230FE52400D4F69C /* VertexView.swift */ = {isa = PBXFileReference; lastKnownFileType = sourcecode.swift; path = VertexView.swift; sourceTree = "<group>"; };
		E2820354230FE68700D4F69C /* Station.swift */ = {isa = PBXFileReference; lastKnownFileType = sourcecode.swift; path = Station.swift; sourceTree = "<group>"; };
		E2820356230FF71600D4F69C /* SubwayGraph.swift */ = {isa = PBXFileReference; lastKnownFileType = sourcecode.swift; path = SubwayGraph.swift; sourceTree = "<group>"; };
		E28D4D602317BB150095F691 /* Model.swift */ = {isa = PBXFileReference; lastKnownFileType = sourcecode.swift; path = Model.swift; sourceTree = "<group>"; };
		E2C7C7E523182B2300E92994 /* ContentViewDelegate.swift */ = {isa = PBXFileReference; lastKnownFileType = sourcecode.swift; path = ContentViewDelegate.swift; sourceTree = "<group>"; };
		E2CB7FC92316E13E00E04009 /* MinPathPickerSection.swift */ = {isa = PBXFileReference; lastKnownFileType = sourcecode.swift; path = MinPathPickerSection.swift; sourceTree = "<group>"; };
		E2CB7FCB2316E2A100E04009 /* StringPicker.swift */ = {isa = PBXFileReference; lastKnownFileType = sourcecode.swift; path = StringPicker.swift; sourceTree = "<group>"; };
		E2CB7FD123178A2700E04009 /* OperationsForm.swift */ = {isa = PBXFileReference; lastKnownFileType = sourcecode.swift; path = OperationsForm.swift; sourceTree = "<group>"; };
		E2CB7FD3231794D000E04009 /* SubwayLinesView.swift */ = {isa = PBXFileReference; lastKnownFileType = sourcecode.swift; path = SubwayLinesView.swift; sourceTree = "<group>"; };
		E2CB7FD52317951500E04009 /* MinPathsView.swift */ = {isa = PBXFileReference; lastKnownFileType = sourcecode.swift; path = MinPathsView.swift; sourceTree = "<group>"; };
		E2FDD9612312C2F800B00793 /* StretchableLineView.swift */ = {isa = PBXFileReference; lastKnownFileType = sourcecode.swift; path = StretchableLineView.swift; sourceTree = "<group>"; };
		E2FDD9632312C46100B00793 /* StationsView.swift */ = {isa = PBXFileReference; lastKnownFileType = sourcecode.swift; path = StationsView.swift; sourceTree = "<group>"; };
		E2FDD9652312CA9D00B00793 /* PositionPairsView.swift */ = {isa = PBXFileReference; lastKnownFileType = sourcecode.swift; path = PositionPairsView.swift; sourceTree = "<group>"; };
		E2FDD9672312D59A00B00793 /* AppUIOptionsSection.swift */ = {isa = PBXFileReference; lastKnownFileType = sourcecode.swift; path = AppUIOptionsSection.swift; sourceTree = "<group>"; };
		E2FDD9692312D62100B00793 /* NewSubwayLinePickerSection.swift */ = {isa = PBXFileReference; lastKnownFileType = sourcecode.swift; path = NewSubwayLinePickerSection.swift; sourceTree = "<group>"; };
/* End PBXFileReference section */

/* Begin PBXFrameworksBuildPhase section */
		E2820338230FE48600D4F69C /* Frameworks */ = {
			isa = PBXFrameworksBuildPhase;
			buildActionMask = 2147483647;
			files = (
			);
			runOnlyForDeploymentPostprocessing = 0;
		};
/* End PBXFrameworksBuildPhase section */

/* Begin PBXGroup section */
		E2820332230FE48600D4F69C = {
			isa = PBXGroup;
			children = (
				E282033D230FE48600D4F69C /* SubwayTransferSystem */,
				E282033C230FE48600D4F69C /* Products */,
			);
			sourceTree = "<group>";
		};
		E282033C230FE48600D4F69C /* Products */ = {
			isa = PBXGroup;
			children = (
				E282033B230FE48600D4F69C /* SubwayTransferSystem.app */,
			);
			name = Products;
			sourceTree = "<group>";
		};
		E282033D230FE48600D4F69C /* SubwayTransferSystem */ = {
			isa = PBXGroup;
			children = (
				E282033E230FE48600D4F69C /* AppDelegate.swift */,
				E2820340230FE48600D4F69C /* SceneDelegate.swift */,
				E2820342230FE48600D4F69C /* ContentView.swift */,
				E2C7C7E523182B2300E92994 /* ContentViewDelegate.swift */,
				E2CB7FD123178A2700E04009 /* OperationsForm.swift */,
				E2CB7FCF231789B500E04009 /* Supporting Views */,
				E2FDD9632312C46100B00793 /* StationsView.swift */,
				E2820344230FE48700D4F69C /* Assets.xcassets */,
				E2820349230FE48700D4F69C /* LaunchScreen.storyboard */,
				E282034C230FE48700D4F69C /* Info.plist */,
				E2820346230FE48700D4F69C /* Preview Content */,
				E2CB7FD0231789E800E04009 /* Supporting Models */,
				E2820356230FF71600D4F69C /* SubwayGraph.swift */,
				E28D4D602317BB150095F691 /* Model.swift */,
				E2CB7FD3231794D000E04009 /* SubwayLinesView.swift */,
				E2CB7FD52317951500E04009 /* MinPathsView.swift */,
			);
			path = SubwayTransferSystem;
			sourceTree = "<group>";
		};
		E2820346230FE48700D4F69C /* Preview Content */ = {
			isa = PBXGroup;
			children = (
				E2820347230FE48700D4F69C /* Preview Assets.xcassets */,
			);
			path = "Preview Content";
			sourceTree = "<group>";
		};
		E2CB7FCF231789B500E04009 /* Supporting Views */ = {
			isa = PBXGroup;
			children = (
				E2FDD9652312CA9D00B00793 /* PositionPairsView.swift */,
				E2820352230FE52400D4F69C /* VertexView.swift */,
				E2CB7FC92316E13E00E04009 /* MinPathPickerSection.swift */,
				E2FDD9672312D59A00B00793 /* AppUIOptionsSection.swift */,
				E2FDD9692312D62100B00793 /* NewSubwayLinePickerSection.swift */,
				E2CB7FCB2316E2A100E04009 /* StringPicker.swift */,
				E2FDD9612312C2F800B00793 /* StretchableLineView.swift */,
			);
			path = "Supporting Views";
			sourceTree = "<group>";
		};
		E2CB7FD0231789E800E04009 /* Supporting Models */ = {
			isa = PBXGroup;
			children = (
				E2820354230FE68700D4F69C /* Station.swift */,
			);
			path = "Supporting Models";
			sourceTree = "<group>";
		};
/* End PBXGroup section */

/* Begin PBXNativeTarget section */
		E282033A230FE48600D4F69C /* SubwayTransferSystem */ = {
			isa = PBXNativeTarget;
			buildConfigurationList = E282034F230FE48700D4F69C /* Build configuration list for PBXNativeTarget "SubwayTransferSystem" */;
			buildPhases = (
				E2820337230FE48600D4F69C /* Sources */,
				E2820338230FE48600D4F69C /* Frameworks */,
				E2820339230FE48600D4F69C /* Resources */,
			);
			buildRules = (
			);
			dependencies = (
			);
			name = SubwayTransferSystem;
			productName = SubwayTransferSystem;
			productReference = E282033B230FE48600D4F69C /* SubwayTransferSystem.app */;
			productType = "com.apple.product-type.application";
		};
/* End PBXNativeTarget section */

/* Begin PBXProject section */
		E2820333230FE48600D4F69C /* Project object */ = {
			isa = PBXProject;
			attributes = {
				LastSwiftUpdateCheck = 1100;
				LastUpgradeCheck = 1100;
				ORGANIZATIONNAME = "Tongji University";
				TargetAttributes = {
					E282033A230FE48600D4F69C = {
						CreatedOnToolsVersion = 11.0;
					};
				};
			};
			buildConfigurationList = E2820336230FE48600D4F69C /* Build configuration list for PBXProject "SubwayTransferSystem" */;
			compatibilityVersion = "Xcode 9.3";
			developmentRegion = en;
			hasScannedForEncodings = 0;
			knownRegions = (
				en,
				Base,
			);
			mainGroup = E2820332230FE48600D4F69C;
			productRefGroup = E282033C230FE48600D4F69C /* Products */;
			projectDirPath = "";
			projectRoot = "";
			targets = (
				E282033A230FE48600D4F69C /* SubwayTransferSystem */,
			);
		};
/* End PBXProject section */

/* Begin PBXResourcesBuildPhase section */
		E2820339230FE48600D4F69C /* Resources */ = {
			isa = PBXResourcesBuildPhase;
			buildActionMask = 2147483647;
			files = (
				E282034B230FE48700D4F69C /* LaunchScreen.storyboard in Resources */,
				E2820348230FE48700D4F69C /* Preview Assets.xcassets in Resources */,
				E2820345230FE48700D4F69C /* Assets.xcassets in Resources */,
			);
			runOnlyForDeploymentPostprocessing = 0;
		};
/* End PBXResourcesBuildPhase section */

/* Begin PBXSourcesBuildPhase section */
		E2820337230FE48600D4F69C /* Sources */ = {
			isa = PBXSourcesBuildPhase;
			buildActionMask = 2147483647;
			files = (
				E2820357230FF71600D4F69C /* SubwayGraph.swift in Sources */,
				E2C7C7E623182B2300E92994 /* ContentViewDelegate.swift in Sources */,
				E2820353230FE52400D4F69C /* VertexView.swift in Sources */,
				E2CB7FD4231794D000E04009 /* SubwayLinesView.swift in Sources */,
				E2FDD9662312CA9D00B00793 /* PositionPairsView.swift in Sources */,
				E2FDD9682312D59A00B00793 /* AppUIOptionsSection.swift in Sources */,
				E2820355230FE68700D4F69C /* Station.swift in Sources */,
				E2FDD9622312C2F800B00793 /* StretchableLineView.swift in Sources */,
				E2CB7FCC2316E2A100E04009 /* StringPicker.swift in Sources */,
				E282033F230FE48600D4F69C /* AppDelegate.swift in Sources */,
				E2FDD9642312C46100B00793 /* StationsView.swift in Sources */,
				E28D4D612317BB150095F691 /* Model.swift in Sources */,
				E2CB7FCA2316E13E00E04009 /* MinPathPickerSection.swift in Sources */,
				E2820341230FE48600D4F69C /* SceneDelegate.swift in Sources */,
				E2CB7FD62317951500E04009 /* MinPathsView.swift in Sources */,
				E2CB7FD223178A2700E04009 /* OperationsForm.swift in Sources */,
				E2FDD96A2312D62100B00793 /* NewSubwayLinePickerSection.swift in Sources */,
				E2820343230FE48600D4F69C /* ContentView.swift in Sources */,
			);
			runOnlyForDeploymentPostprocessing = 0;
		};
/* End PBXSourcesBuildPhase section */

/* Begin PBXVariantGroup section */
		E2820349230FE48700D4F69C /* LaunchScreen.storyboard */ = {
			isa = PBXVariantGroup;
			children = (
				E282034A230FE48700D4F69C /* Base */,
			);
			name = LaunchScreen.storyboard;
			sourceTree = "<group>";
		};
/* End PBXVariantGroup section */

/* Begin XCBuildConfiguration section */
		E282034D230FE48700D4F69C /* Debug */ = {
			isa = XCBuildConfiguration;
			buildSettings = {
				ALWAYS_SEARCH_USER_PATHS = NO;
				CLANG_ANALYZER_NONNULL = YES;
				CLANG_ANALYZER_NUMBER_OBJECT_CONVERSION = YES_AGGRESSIVE;
				CLANG_CXX_LANGUAGE_STANDARD = "gnu++14";
				CLANG_CXX_LIBRARY = "libc++";
				CLANG_ENABLE_MODULES = YES;
				CLANG_ENABLE_OBJC_ARC = YES;
				CLANG_ENABLE_OBJC_WEAK = YES;
				CLANG_WARN_BLOCK_CAPTURE_AUTORELEASING = YES;
				CLANG_WARN_BOOL_CONVERSION = YES;
				CLANG_WARN_COMMA = YES;
				CLANG_WARN_CONSTANT_CONVERSION = YES;
				CLANG_WARN_DEPRECATED_OBJC_IMPLEMENTATIONS = YES;
				CLANG_WARN_DIRECT_OBJC_ISA_USAGE = YES_ERROR;
				CLANG_WARN_DOCUMENTATION_COMMENTS = YES;
				CLANG_WARN_EMPTY_BODY = YES;
				CLANG_WARN_ENUM_CONVERSION = YES;
				CLANG_WARN_INFINITE_RECURSION = YES;
				CLANG_WARN_INT_CONVERSION = YES;
				CLANG_WARN_NON_LITERAL_NULL_CONVERSION = YES;
				CLANG_WARN_OBJC_IMPLICIT_RETAIN_SELF = YES;
				CLANG_WARN_OBJC_LITERAL_CONVERSION = YES;
				CLANG_WARN_OBJC_ROOT_CLASS = YES_ERROR;
				CLANG_WARN_RANGE_LOOP_ANALYSIS = YES;
				CLANG_WARN_STRICT_PROTOTYPES = YES;
				CLANG_WARN_SUSPICIOUS_MOVE = YES;
				CLANG_WARN_UNGUARDED_AVAILABILITY = YES_AGGRESSIVE;
				CLANG_WARN_UNREACHABLE_CODE = YES;
				CLANG_WARN__DUPLICATE_METHOD_MATCH = YES;
				COPY_PHASE_STRIP = NO;
				DEBUG_INFORMATION_FORMAT = dwarf;
				ENABLE_STRICT_OBJC_MSGSEND = YES;
				ENABLE_TESTABILITY = YES;
				GCC_C_LANGUAGE_STANDARD = gnu11;
				GCC_DYNAMIC_NO_PIC = NO;
				GCC_NO_COMMON_BLOCKS = YES;
				GCC_OPTIMIZATION_LEVEL = 0;
				GCC_PREPROCESSOR_DEFINITIONS = (
					"DEBUG=1",
					"$(inherited)",
				);
				GCC_WARN_64_TO_32_BIT_CONVERSION = YES;
				GCC_WARN_ABOUT_RETURN_TYPE = YES_ERROR;
				GCC_WARN_UNDECLARED_SELECTOR = YES;
				GCC_WARN_UNINITIALIZED_AUTOS = YES_AGGRESSIVE;
				GCC_WARN_UNUSED_FUNCTION = YES;
				GCC_WARN_UNUSED_VARIABLE = YES;
				IPHONEOS_DEPLOYMENT_TARGET = 13.0;
				MTL_ENABLE_DEBUG_INFO = INCLUDE_SOURCE;
				MTL_FAST_MATH = YES;
				ONLY_ACTIVE_ARCH = YES;
				SDKROOT = iphoneos;
				SWIFT_ACTIVE_COMPILATION_CONDITIONS = DEBUG;
				SWIFT_OPTIMIZATION_LEVEL = "-Onone";
			};
			name = Debug;
		};
		E282034E230FE48700D4F69C /* Release */ = {
			isa = XCBuildConfiguration;
			buildSettings = {
				ALWAYS_SEARCH_USER_PATHS = NO;
				CLANG_ANALYZER_NONNULL = YES;
				CLANG_ANALYZER_NUMBER_OBJECT_CONVERSION = YES_AGGRESSIVE;
				CLANG_CXX_LANGUAGE_STANDARD = "gnu++14";
				CLANG_CXX_LIBRARY = "libc++";
				CLANG_ENABLE_MODULES = YES;
				CLANG_ENABLE_OBJC_ARC = YES;
				CLANG_ENABLE_OBJC_WEAK = YES;
				CLANG_WARN_BLOCK_CAPTURE_AUTORELEASING = YES;
				CLANG_WARN_BOOL_CONVERSION = YES;
				CLANG_WARN_COMMA = YES;
				CLANG_WARN_CONSTANT_CONVERSION = YES;
				CLANG_WARN_DEPRECATED_OBJC_IMPLEMENTATIONS = YES;
				CLANG_WARN_DIRECT_OBJC_ISA_USAGE = YES_ERROR;
				CLANG_WARN_DOCUMENTATION_COMMENTS = YES;
				CLANG_WARN_EMPTY_BODY = YES;
				CLANG_WARN_ENUM_CONVERSION = YES;
				CLANG_WARN_INFINITE_RECURSION = YES;
				CLANG_WARN_INT_CONVERSION = YES;
				CLANG_WARN_NON_LITERAL_NULL_CONVERSION = YES;
				CLANG_WARN_OBJC_IMPLICIT_RETAIN_SELF = YES;
				CLANG_WARN_OBJC_LITERAL_CONVERSION = YES;
				CLANG_WARN_OBJC_ROOT_CLASS = YES_ERROR;
				CLANG_WARN_RANGE_LOOP_ANALYSIS = YES;
				CLANG_WARN_STRICT_PROTOTYPES = YES;
				CLANG_WARN_SUSPICIOUS_MOVE = YES;
				CLANG_WARN_UNGUARDED_AVAILABILITY = YES_AGGRESSIVE;
				CLANG_WARN_UNREACHABLE_CODE = YES;
				CLANG_WARN__DUPLICATE_METHOD_MATCH = YES;
				COPY_PHASE_STRIP = NO;
				DEBUG_INFORMATION_FORMAT = "dwarf-with-dsym";
				ENABLE_NS_ASSERTIONS = NO;
				ENABLE_STRICT_OBJC_MSGSEND = YES;
				GCC_C_LANGUAGE_STANDARD = gnu11;
				GCC_NO_COMMON_BLOCKS = YES;
				GCC_WARN_64_TO_32_BIT_CONVERSION = YES;
				GCC_WARN_ABOUT_RETURN_TYPE = YES_ERROR;
				GCC_WARN_UNDECLARED_SELECTOR = YES;
				GCC_WARN_UNINITIALIZED_AUTOS = YES_AGGRESSIVE;
				GCC_WARN_UNUSED_FUNCTION = YES;
				GCC_WARN_UNUSED_VARIABLE = YES;
				IPHONEOS_DEPLOYMENT_TARGET = 13.0;
				MTL_ENABLE_DEBUG_INFO = NO;
				MTL_FAST_MATH = YES;
				SDKROOT = iphoneos;
				SWIFT_COMPILATION_MODE = wholemodule;
				SWIFT_OPTIMIZATION_LEVEL = "-O";
				VALIDATE_PRODUCT = YES;
			};
			name = Release;
		};
		E2820350230FE48700D4F69C /* Debug */ = {
			isa = XCBuildConfiguration;
			buildSettings = {
				ASSETCATALOG_COMPILER_APPICON_NAME = AppIcon;
				CODE_SIGN_STYLE = Automatic;
				DEVELOPMENT_ASSET_PATHS = "\"SubwayTransferSystem/Preview Content\"";
				DEVELOPMENT_TEAM = 36VKAMU45G;
				ENABLE_PREVIEWS = YES;
				INFOPLIST_FILE = SubwayTransferSystem/Info.plist;
				LD_RUNPATH_SEARCH_PATHS = (
					"$(inherited)",
					"@executable_path/Frameworks",
				);
				PRODUCT_BUNDLE_IDENTIFIER = UniverseFly.SubwayTransferSystem;
				PRODUCT_NAME = "$(TARGET_NAME)";
				SWIFT_VERSION = 5.0;
				TARGETED_DEVICE_FAMILY = "1,2";
			};
			name = Debug;
		};
		E2820351230FE48700D4F69C /* Release */ = {
			isa = XCBuildConfiguration;
			buildSettings = {
				ASSETCATALOG_COMPILER_APPICON_NAME = AppIcon;
				CODE_SIGN_STYLE = Automatic;
				DEVELOPMENT_ASSET_PATHS = "\"SubwayTransferSystem/Preview Content\"";
				DEVELOPMENT_TEAM = 36VKAMU45G;
				ENABLE_PREVIEWS = YES;
				INFOPLIST_FILE = SubwayTransferSystem/Info.plist;
				LD_RUNPATH_SEARCH_PATHS = (
					"$(inherited)",
					"@executable_path/Frameworks",
				);
				PRODUCT_BUNDLE_IDENTIFIER = UniverseFly.SubwayTransferSystem;
				PRODUCT_NAME = "$(TARGET_NAME)";
				SWIFT_VERSION = 5.0;
				TARGETED_DEVICE_FAMILY = "1,2";
			};
			name = Release;
		};
/* End XCBuildConfiguration section */

/* Begin XCConfigurationList section */
		E2820336230FE48600D4F69C /* Build configuration list for PBXProject "SubwayTransferSystem" */ = {
			isa = XCConfigurationList;
			buildConfigurations = (
				E282034D230FE48700D4F69C /* Debug */,
				E282034E230FE48700D4F69C /* Release */,
			);
			defaultConfigurationIsVisible = 0;
			defaultConfigurationName = Release;
		};
		E282034F230FE48700D4F69C /* Build configuration list for PBXNativeTarget "SubwayTransferSystem" */ = {
			isa = XCConfigurationList;
			buildConfigurations = (
				E2820350230FE48700D4F69C /* Debug */,
				E2820351230FE48700D4F69C /* Release */,
			);
			defaultConfigurationIsVisible = 0;
			defaultConfigurationName = Release;
		};
/* End XCConfigurationList section */
	};
	rootObject = E2820333230FE48600D4F69C /* Project object */;
}
